
Microsoft Visual Studio Solution File, Format Version 12.00
# Visual Studio 15
VisualStudioVersion = 15.0.27703.2042
MinimumVisualStudioVersion = 10.0.40219.1
Project("{FAE04EC0-301F-11D3-BF4B-00C04F79EFBC}") = "Screenshoter", "Screenshoter\Screenshoter.csproj", "{2FF64349-D3CC-4EE1-A550-F7CE23B7DB90}"
EndProject
Global
	GlobalSection(SolutionConfigurationPlatforms) = preSolution
		Debug|Any CPU = Debug|Any CPU
		Release|Any CPU = Release|Any CPU
	EndGlobalSection
	GlobalSection(ProjectConfigurationPlatforms) = postSolution
		{2FF64349-D3CC-4EE1-A550-F7CE23B7DB90}.Debug|Any CPU.ActiveCfg = Debug|Any CPU
		{2FF64349-D3CC-4EE1-A550-F7CE23B7DB90}.Debug|Any CPU.Build.0 = Debug|Any CPU
		{2FF64349-D3CC-4EE1-A550-F7CE23B7DB90}.Release|Any CPU.ActiveCfg = Release|Any CPU
		{2FF64349-D3CC-4EE1-A550-F7CE23B7DB90}.Release|Any CPU.Build.0 = Release|Any CPU
	EndGlobalSection
	GlobalSection(SolutionProperties) = preSolution
		HideSolutionNode = FALSE
	EndGlobalSection
	GlobalSection(ExtensibilityGlobals) = postSolution
		SolutionGuid = {55D67595-D9F1-4070-A592-1FD4B75C4A2F}
	EndGlobalSection
EndGlobal
